
Microsoft Visual Studio Solution File, Format Version 12.00
# Visual Studio Version 17
VisualStudioVersion = 17.14.36408.4
MinimumVisualStudioVersion = 10.0.40219.1
Project("{FAE04EC0-301F-11D3-BF4B-00C04F79EFBC}") = "EatIT.Core", "EatIT.Core\EatIT.Core.csproj", "{5FCA855B-5DF9-4D6E-981F-5732AF599860}"
EndProject
Project("{FAE04EC0-301F-11D3-BF4B-00C04F79EFBC}") = "EatIT.Infrastructure", "EatIT.Infrastructure\EatIT.Infrastructure.csproj", "{CDD0E546-A25A-4C54-A2FF-688E647CA509}"
EndProject
Project("{FAE04EC0-301F-11D3-BF4B-00C04F79EFBC}") = "EatIT.WebAPI", "EatIT.WebAPI\EatIT.WebAPI.csproj", "{DB6CB39A-E5B0-480E-A002-F3373A85B45A}"
EndProject
Global
	GlobalSection(SolutionConfigurationPlatforms) = preSolution
		Debug|Any CPU = Debug|Any CPU
		Release|Any CPU = Release|Any CPU
	EndGlobalSection
	GlobalSection(ProjectConfigurationPlatforms) = postSolution
		{5FCA855B-5DF9-4D6E-981F-5732AF599860}.Debug|Any CPU.ActiveCfg = Debug|Any CPU
		{5FCA855B-5DF9-4D6E-981F-5732AF599860}.Debug|Any CPU.Build.0 = Debug|Any CPU
		{5FCA855B-5DF9-4D6E-981F-5732AF599860}.Release|Any CPU.ActiveCfg = Release|Any CPU
		{5FCA855B-5DF9-4D6E-981F-5732AF599860}.Release|Any CPU.Build.0 = Release|Any CPU
		{CDD0E546-A25A-4C54-A2FF-688E647CA509}.Debug|Any CPU.ActiveCfg = Debug|Any CPU
		{CDD0E546-A25A-4C54-A2FF-688E647CA509}.Debug|Any CPU.Build.0 = Debug|Any CPU
		{CDD0E546-A25A-4C54-A2FF-688E647CA509}.Release|Any CPU.ActiveCfg = Release|Any CPU
		{CDD0E546-A25A-4C54-A2FF-688E647CA509}.Release|Any CPU.Build.0 = Release|Any CPU
		{DB6CB39A-E5B0-480E-A002-F3373A85B45A}.Debug|Any CPU.ActiveCfg = Debug|Any CPU
		{DB6CB39A-E5B0-480E-A002-F3373A85B45A}.Debug|Any CPU.Build.0 = Debug|Any CPU
		{DB6CB39A-E5B0-480E-A002-F3373A85B45A}.Release|Any CPU.ActiveCfg = Release|Any CPU
		{DB6CB39A-E5B0-480E-A002-F3373A85B45A}.Release|Any CPU.Build.0 = Release|Any CPU
	EndGlobalSection
	GlobalSection(SolutionProperties) = preSolution
		HideSolutionNode = FALSE
	EndGlobalSection
	GlobalSection(ExtensibilityGlobals) = postSolution
		SolutionGuid = {F55307A8-6574-4C77-AE33-82C1396BB06C}
	EndGlobalSection
EndGlobal
